
Microsoft Visual Studio Solution File, Format Version 12.00
# Visual Studio Version 17
VisualStudioVersion = 17.0.31903.59
MinimumVisualStudioVersion = 10.0.40219.1
Project("{FAE04EC0-301F-11D3-BF4B-00C04F79EFBC}") = "OpenCodex.Api", "src\Presentation\OpenCodex.Api\OpenCodex.Api.csproj", "{7F68CE43-29F6-41DA-82D0-4B8C9C3B75D9}"
EndProject
Project("{2150E333-8FDC-42A3-9474-1A3956D46DE8}") = "Libraries", "Libraries", "{5E7EC0AF-E837-5B7A-FB41-A4DCCA877D1F}"
EndProject
Project("{FAE04EC0-301F-11D3-BF4B-00C04F79EFBC}") = "OpenCodex.Domain", "src\Libraries\OpenCodex.Domain\OpenCodex.Domain.csproj", "{4628CE5F-245B-4ADD-81D6-78163D516BB2}"
EndProject
Project("{FAE04EC0-301F-11D3-BF4B-00C04F79EFBC}") = "OpenCodex.Data", "src\Libraries\OpenCodex.Data\OpenCodex.Data.csproj", "{5C8E0EF1-9F69-4B65-B97A-0668D1A0E191}"
EndProject
Project("{FAE04EC0-301F-11D3-BF4B-00C04F79EFBC}") = "OpenCodex.Core", "src\Libraries\OpenCodex.Core\OpenCodex.Core.csproj", "{B091751E-57AB-4568-B434-A0D343A124B3}"
EndProject
Project("{FAE04EC0-301F-11D3-BF4B-00C04F79EFBC}") = "OpenCodex.CoreBase", "src\Libraries\OpenCodex.CoreBase\OpenCodex.CoreBase.csproj", "{C9607A0A-D094-48B3-A0A9-1D8667D87E4F}"
EndProject
Project("{2150E333-8FDC-42A3-9474-1A3956D46DE8}") = "Presentation", "Presentation", "{F8887D76-9E26-4421-8C67-4EF945CA9AC8}"
EndProject
Project("{2150E333-8FDC-42A3-9474-1A3956D46DE8}") = "tests", "tests", "{0AB3BF05-4346-4AA6-1389-037BE0695223}"
EndProject
Project("{FAE04EC0-301F-11D3-BF4B-00C04F79EFBC}") = "OpenCodex.Api.Tests", "tests\OpenCodex.Api.Tests\OpenCodex.Api.Tests.csproj", "{AF6080ED-6B41-488D-939B-8407FE4DC549}"
EndProject
Global
	GlobalSection(SolutionConfigurationPlatforms) = preSolution
		Debug|Any CPU = Debug|Any CPU
		Debug|x64 = Debug|x64
		Debug|x86 = Debug|x86
		Release|Any CPU = Release|Any CPU
		Release|x64 = Release|x64
		Release|x86 = Release|x86
	EndGlobalSection
	GlobalSection(ProjectConfigurationPlatforms) = postSolution
		{7F68CE43-29F6-41DA-82D0-4B8C9C3B75D9}.Debug|Any CPU.ActiveCfg = Debug|Any CPU
		{7F68CE43-29F6-41DA-82D0-4B8C9C3B75D9}.Debug|Any CPU.Build.0 = Debug|Any CPU
		{7F68CE43-29F6-41DA-82D0-4B8C9C3B75D9}.Debug|x64.ActiveCfg = Debug|Any CPU
		{7F68CE43-29F6-41DA-82D0-4B8C9C3B75D9}.Debug|x64.Build.0 = Debug|Any CPU
		{7F68CE43-29F6-41DA-82D0-4B8C9C3B75D9}.Debug|x86.ActiveCfg = Debug|Any CPU
		{7F68CE43-29F6-41DA-82D0-4B8C9C3B75D9}.Debug|x86.Build.0 = Debug|Any CPU
		{7F68CE43-29F6-41DA-82D0-4B8C9C3B75D9}.Release|Any CPU.ActiveCfg = Release|Any CPU
		{7F68CE43-29F6-41DA-82D0-4B8C9C3B75D9}.Release|Any CPU.Build.0 = Release|Any CPU
		{7F68CE43-29F6-41DA-82D0-4B8C9C3B75D9}.Release|x64.ActiveCfg = Release|Any CPU
		{7F68CE43-29F6-41DA-82D0-4B8C9C3B75D9}.Release|x64.Build.0 = Release|Any CPU
		{7F68CE43-29F6-41DA-82D0-4B8C9C3B75D9}.Release|x86.ActiveCfg = Release|Any CPU
		{7F68CE43-29F6-41DA-82D0-4B8C9C3B75D9}.Release|x86.Build.0 = Release|Any CPU
		{4628CE5F-245B-4ADD-81D6-78163D516BB2}.Debug|Any CPU.ActiveCfg = Debug|Any CPU
		{4628CE5F-245B-4ADD-81D6-78163D516BB2}.Debug|Any CPU.Build.0 = Debug|Any CPU
		{4628CE5F-245B-4ADD-81D6-78163D516BB2}.Debug|x64.ActiveCfg = Debug|Any CPU
		{4628CE5F-245B-4ADD-81D6-78163D516BB2}.Debug|x64.Build.0 = Debug|Any CPU
		{4628CE5F-245B-4ADD-81D6-78163D516BB2}.Debug|x86.ActiveCfg = Debug|Any CPU
		{4628CE5F-245B-4ADD-81D6-78163D516BB2}.Debug|x86.Build.0 = Debug|Any CPU
		{4628CE5F-245B-4ADD-81D6-78163D516BB2}.Release|Any CPU.ActiveCfg = Release|Any CPU
		{4628CE5F-245B-4ADD-81D6-78163D516BB2}.Release|Any CPU.Build.0 = Release|Any CPU
		{4628CE5F-245B-4ADD-81D6-78163D516BB2}.Release|x64.ActiveCfg = Release|Any CPU
		{4628CE5F-245B-4ADD-81D6-78163D516BB2}.Release|x64.Build.0 = Release|Any CPU
		{4628CE5F-245B-4ADD-81D6-78163D516BB2}.Release|x86.ActiveCfg = Release|Any CPU
		{4628CE5F-245B-4ADD-81D6-78163D516BB2}.Release|x86.Build.0 = Release|Any CPU
		{5C8E0EF1-9F69-4B65-B97A-0668D1A0E191}.Debug|Any CPU.ActiveCfg = Debug|Any CPU
		{5C8E0EF1-9F69-4B65-B97A-0668D1A0E191}.Debug|Any CPU.Build.0 = Debug|Any CPU
		{5C8E0EF1-9F69-4B65-B97A-0668D1A0E191}.Debug|x64.ActiveCfg = Debug|Any CPU
		{5C8E0EF1-9F69-4B65-B97A-0668D1A0E191}.Debug|x64.Build.0 = Debug|Any CPU
		{5C8E0EF1-9F69-4B65-B97A-0668D1A0E191}.Debug|x86.ActiveCfg = Debug|Any CPU
		{5C8E0EF1-9F69-4B65-B97A-0668D1A0E191}.Debug|x86.Build.0 = Debug|Any CPU
		{5C8E0EF1-9F69-4B65-B97A-0668D1A0E191}.Release|Any CPU.ActiveCfg = Release|Any CPU
		{5C8E0EF1-9F69-4B65-B97A-0668D1A0E191}.Release|Any CPU.Build.0 = Release|Any CPU
		{5C8E0EF1-9F69-4B65-B97A-0668D1A0E191}.Release|x64.ActiveCfg = Release|Any CPU
		{5C8E0EF1-9F69-4B65-B97A-0668D1A0E191}.Release|x64.Build.0 = Release|Any CPU
		{5C8E0EF1-9F69-4B65-B97A-0668D1A0E191}.Release|x86.ActiveCfg = Release|Any CPU
		{5C8E0EF1-9F69-4B65-B97A-0668D1A0E191}.Release|x86.Build.0 = Release|Any CPU
		{B091751E-57AB-4568-B434-A0D343A124B3}.Debug|Any CPU.ActiveCfg = Debug|Any CPU
		{B091751E-57AB-4568-B434-A0D343A124B3}.Debug|Any CPU.Build.0 = Debug|Any CPU
		{B091751E-57AB-4568-B434-A0D343A124B3}.Debug|x64.ActiveCfg = Debug|Any CPU
		{B091751E-57AB-4568-B434-A0D343A124B3}.Debug|x64.Build.0 = Debug|Any CPU
		{B091751E-57AB-4568-B434-A0D343A124B3}.Debug|x86.ActiveCfg = Debug|Any CPU
		{B091751E-57AB-4568-B434-A0D343A124B3}.Debug|x86.Build.0 = Debug|Any CPU
		{B091751E-57AB-4568-B434-A0D343A124B3}.Release|Any CPU.ActiveCfg = Release|Any CPU
		{B091751E-57AB-4568-B434-A0D343A124B3}.Release|Any CPU.Build.0 = Release|Any CPU
		{B091751E-57AB-4568-B434-A0D343A124B3}.Release|x64.ActiveCfg = Release|Any CPU
		{B091751E-57AB-4568-B434-A0D343A124B3}.Release|x64.Build.0 = Release|Any CPU
		{B091751E-57AB-4568-B434-A0D343A124B3}.Release|x86.ActiveCfg = Release|Any CPU
		{B091751E-57AB-4568-B434-A0D343A124B3}.Release|x86.Build.0 = Release|Any CPU
		{C9607A0A-D094-48B3-A0A9-1D8667D87E4F}.Debug|Any CPU.ActiveCfg = Debug|Any CPU
		{C9607A0A-D094-48B3-A0A9-1D8667D87E4F}.Debug|Any CPU.Build.0 = Debug|Any CPU
		{C9607A0A-D094-48B3-A0A9-1D8667D87E4F}.Debug|x64.ActiveCfg = Debug|Any CPU
		{C9607A0A-D094-48B3-A0A9-1D8667D87E4F}.Debug|x64.Build.0 = Debug|Any CPU
		{C9607A0A-D094-48B3-A0A9-1D8667D87E4F}.Debug|x86.ActiveCfg = Debug|Any CPU
		{C9607A0A-D094-48B3-A0A9-1D8667D87E4F}.Debug|x86.Build.0 = Debug|Any CPU
		{C9607A0A-D094-48B3-A0A9-1D8667D87E4F}.Release|Any CPU.ActiveCfg = Release|Any CPU
		{C9607A0A-D094-48B3-A0A9-1D8667D87E4F}.Release|Any CPU.Build.0 = Release|Any CPU
		{C9607A0A-D094-48B3-A0A9-1D8667D87E4F}.Release|x64.ActiveCfg = Release|Any CPU
		{C9607A0A-D094-48B3-A0A9-1D8667D87E4F}.Release|x64.Build.0 = Release|Any CPU
		{C9607A0A-D094-48B3-A0A9-1D8667D87E4F}.Release|x86.ActiveCfg = Release|Any CPU
		{C9607A0A-D094-48B3-A0A9-1D8667D87E4F}.Release|x86.Build.0 = Release|Any CPU
		{AF6080ED-6B41-488D-939B-8407FE4DC549}.Debug|Any CPU.ActiveCfg = Debug|Any CPU
		{AF6080ED-6B41-488D-939B-8407FE4DC549}.Debug|Any CPU.Build.0 = Debug|Any CPU
		{AF6080ED-6B41-488D-939B-8407FE4DC549}.Debug|x64.ActiveCfg = Debug|Any CPU
		{AF6080ED-6B41-488D-939B-8407FE4DC549}.Debug|x64.Build.0 = Debug|Any CPU
		{AF6080ED-6B41-488D-939B-8407FE4DC549}.Debug|x86.ActiveCfg = Debug|Any CPU
		{AF6080ED-6B41-488D-939B-8407FE4DC549}.Debug|x86.Build.0 = Debug|Any CPU
		{AF6080ED-6B41-488D-939B-8407FE4DC549}.Release|Any CPU.ActiveCfg = Release|Any CPU
		{AF6080ED-6B41-488D-939B-8407FE4DC549}.Release|Any CPU.Build.0 = Release|Any CPU
		{AF6080ED-6B41-488D-939B-8407FE4DC549}.Release|x64.ActiveCfg = Release|Any CPU
		{AF6080ED-6B41-488D-939B-8407FE4DC549}.Release|x64.Build.0 = Release|Any CPU
		{AF6080ED-6B41-488D-939B-8407FE4DC549}.Release|x86.ActiveCfg = Release|Any CPU
		{AF6080ED-6B41-488D-939B-8407FE4DC549}.Release|x86.Build.0 = Release|Any CPU
	EndGlobalSection
	GlobalSection(SolutionProperties) = preSolution
		HideSolutionNode = FALSE
	EndGlobalSection
	GlobalSection(NestedProjects) = preSolution
		{7F68CE43-29F6-41DA-82D0-4B8C9C3B75D9} = {F8887D76-9E26-4421-8C67-4EF945CA9AC8}
		{4628CE5F-245B-4ADD-81D6-78163D516BB2} = {5E7EC0AF-E837-5B7A-FB41-A4DCCA877D1F}
		{5C8E0EF1-9F69-4B65-B97A-0668D1A0E191} = {5E7EC0AF-E837-5B7A-FB41-A4DCCA877D1F}
		{B091751E-57AB-4568-B434-A0D343A124B3} = {5E7EC0AF-E837-5B7A-FB41-A4DCCA877D1F}
		{C9607A0A-D094-48B3-A0A9-1D8667D87E4F} = {5E7EC0AF-E837-5B7A-FB41-A4DCCA877D1F}
		{AF6080ED-6B41-488D-939B-8407FE4DC549} = {0AB3BF05-4346-4AA6-1389-037BE0695223}
	EndGlobalSection
EndGlobal
